
Microsoft Visual Studio Solution File, Format Version 12.00
# Visual Studio Version 16
VisualStudioVersion = 16.0.28721.148
MinimumVisualStudioVersion = 10.0.40219.1
Project("{8BC9CEB8-8B4A-11D0-8D11-00A0C91BC942}") = "Snowbox", "Snowbox\Snowbox.vcxproj", "{D91C3F6F-C737-4197-80FF-99B1918A0CAE}"
EndProject
Global
	GlobalSection(SolutionConfigurationPlatforms) = preSolution
		Debug|x64 = Debug|x64
		Debug|x86 = Debug|x86
		Release|x64 = Release|x64
		Release|x86 = Release|x86
	EndGlobalSection
	GlobalSection(ProjectConfigurationPlatforms) = postSolution
		{D91C3F6F-C737-4197-80FF-99B1918A0CAE}.Debug|x64.ActiveCfg = Debug|x64
		{D91C3F6F-C737-4197-80FF-99B1918A0CAE}.Debug|x64.Build.0 = Debug|x64
		{D91C3F6F-C737-4197-80FF-99B1918A0CAE}.Debug|x86.ActiveCfg = Debug|Win32
		{D91C3F6F-C737-4197-80FF-99B1918A0CAE}.Debug|x86.Build.0 = Debug|Win32
		{D91C3F6F-C737-4197-80FF-99B1918A0CAE}.Release|x64.ActiveCfg = Release|x64
		{D91C3F6F-C737-4197-80FF-99B1918A0CAE}.Release|x64.Build.0 = Release|x64
		{D91C3F6F-C737-4197-80FF-99B1918A0CAE}.Release|x86.ActiveCfg = Release|Win32
		{D91C3F6F-C737-4197-80FF-99B1918A0CAE}.Release|x86.Build.0 = Release|Win32
	EndGlobalSection
	GlobalSection(SolutionProperties) = preSolution
		HideSolutionNode = FALSE
	EndGlobalSection
	GlobalSection(ExtensibilityGlobals) = postSolution
		SolutionGuid = {F7C69F9E-B110-4720-8559-B4BD82059581}
	EndGlobalSection
EndGlobal
